
Microsoft Visual Studio Solution File, Format Version 12.00
# Visual Studio Version 17
VisualStudioVersion = 17.8.34322.80
MinimumVisualStudioVersion = 10.0.40219.1
Project("{9A19103F-16F7-4668-BE54-9A1E7A4F7556}") = "userAPI", "userAPI.csproj", "{240AE3A1-7BE1-431D-BE86-E4E18B3A7267}"
EndProject
Project("{FAE04EC0-301F-11D3-BF4B-00C04F79EFBC}") = "userAPITests", "..\userAPITests\userAPITests.csproj", "{4C169956-E61B-4ECD-A40A-D4993F1CD1F5}"
EndProject
Global
	GlobalSection(SolutionConfigurationPlatforms) = preSolution
		Debug|Any CPU = Debug|Any CPU
		Release|Any CPU = Release|Any CPU
	EndGlobalSection
	GlobalSection(ProjectConfigurationPlatforms) = postSolution
		{240AE3A1-7BE1-431D-BE86-E4E18B3A7267}.Debug|Any CPU.ActiveCfg = Debug|Any CPU
		{240AE3A1-7BE1-431D-BE86-E4E18B3A7267}.Debug|Any CPU.Build.0 = Debug|Any CPU
		{240AE3A1-7BE1-431D-BE86-E4E18B3A7267}.Release|Any CPU.ActiveCfg = Release|Any CPU
		{240AE3A1-7BE1-431D-BE86-E4E18B3A7267}.Release|Any CPU.Build.0 = Release|Any CPU
		{4C169956-E61B-4ECD-A40A-D4993F1CD1F5}.Debug|Any CPU.ActiveCfg = Debug|Any CPU
		{4C169956-E61B-4ECD-A40A-D4993F1CD1F5}.Debug|Any CPU.Build.0 = Debug|Any CPU
		{4C169956-E61B-4ECD-A40A-D4993F1CD1F5}.Release|Any CPU.ActiveCfg = Release|Any CPU
		{4C169956-E61B-4ECD-A40A-D4993F1CD1F5}.Release|Any CPU.Build.0 = Release|Any CPU
	EndGlobalSection
	GlobalSection(SolutionProperties) = preSolution
		HideSolutionNode = FALSE
	EndGlobalSection
	GlobalSection(ExtensibilityGlobals) = postSolution
		SolutionGuid = {B3F3A092-6018-4504-A897-8102D03DE973}
	EndGlobalSection
EndGlobal
